# images.lock — every OCI artifact a cold guardian-mgmt bootstrap must be able to
# serve from the workstation mirror. One ref@digest per line; # starts a comment.
#
# Derivation (re-run to refresh; CI job to own this is planned):
#   workload section:  kubectl get pods -A -o json -> containerStatuses imageID
#   system section:    talosctl images default (pinned talosctl, matches machine.install.image)
#   artifact section:  cozystack-operator args + OCIRepository status on the live cluster,
#                      ghcr manifest HEAD for installer/chart digests
#
# Invariants (enforced by conformance test, Tier 1):
#   - every entry is digest-pinned
#   - every image reference rendered from this repo appears here with the same digest

# --- bootstrap artifacts (not pod images) ---
# Talos installer (machine.install.image)
ghcr.io/cozystack/cozystack/talos:v1.13.0@sha256:c2c092ad742e8bdd4af6366c586d95bdf7f73cee6eef8318fb9da6d466f37044
# Cozystack installer Helm chart (OCI)
ghcr.io/cozystack/cozystack/cozy-installer:1.5.0@sha256:5c2392d79b8ace58e78403eaad814c5cee27e2a8148cb1fa5be883bfd0306c0a
# Cozystack platform packages Flux artifact (pulled by source-controller, NOT containerd)
ghcr.io/cozystack/cozystack/cozystack-packages@sha256:5472859fa5c7bf3c6c042c51d4dc5ec3c3d80bff64f79f47c13576b07f81172f
# cozy-installer helm pre-install labeler hook Job image (ephemeral; absent from pod scrapes)
docker.io/alpine/k8s:1.33.4@sha256:b0523f0a244ddc4c8e055aa335c040d3d78b3ead5528f4544395f7f9f69c7b68
# External Secrets Operator helm chart (pulled by source-controller, NOT containerd)
ghcr.io/external-secrets/charts/external-secrets:0.10.4@sha256:ec681d8b8ee3b5d0a016b1d4dde28dc91ebafa106841dece35722c371b84f49c
# Kargo helm chart (pulled by source-controller, NOT containerd)
ghcr.io/akuity/kargo-charts/kargo:1.10.8@sha256:3090ccc64bc89a04138be187a4dbb7cd4be4a10a29cc6c7f336e16d7770c985c

# --- Kubernetes system images actually held by the rebuilt cluster (2026-07-02 drill) ---
# Chart.yaml pins kubernetesVersion v1.34.3 (NOT the Talos v1.13 default v1.36);
# Cozystack replaces kube-proxy and flannel entirely (kube-ovn + cilium), so
# those Talos defaults are never pulled. kubelet/etcd live in machined's system
# containerd namespace (talosctl image ls --namespace system).
ghcr.io/siderolabs/kubelet:v1.34.3@sha256:88508647e61f8a691c73420bfc5977153b7d21c5b8f1551a88429378213422f1
registry.k8s.io/etcd:v3.6.9@sha256:38e46ab26aa2a82251d3f24cbbdaefe2e68a66346404ee4b7afe7e90db26805d
registry.k8s.io/kube-apiserver:v1.34.3@sha256:5af1030676ceca025742ef5e73a504d11b59be0e5551cdb8c9cf0d3c1231b460
registry.k8s.io/kube-controller-manager:v1.34.3@sha256:716a210d31ee5e27053ea0e1a3a3deb4910791a85ba4b1120410b5a4cbcf1954
registry.k8s.io/kube-scheduler:v1.34.3@sha256:f9a9bc7948fd804ef02255fe82ac2e85d2a66534bae2fe1348c14849260a1fe2
registry.k8s.io/pause:3.10.1@sha256:278fb9dbcca9518083ad1e11276933a2e96f23de604a3a08cc3c80002767d24c
registry.k8s.io/coredns/coredns:v1.14.2@sha256:e7e6440cfd1e919280958f5b5a6ab2b184d385bba774c12ad2a9e1e4183f90d9

# --- drill/bench job images (repo-pinned in Go tools, not resident on the cluster) ---
ghcr.io/cloudnative-pg/postgresql@sha256:6f64c83d80def98ab5b61bf36b1bbecea01dede382eef781dd9d1638b0d840c8
docker.io/clickhouse/clickhouse-server@sha256:cc8c5bf275148b2de01a31e8fd6b55ba1ba2b0d3d08c23fafcb25b06e3c5dec5

# --- running workload images (scraped from live cluster, 2026-07-02, post-cold-boot-drill) ---
# Entries duplicating the drill/bench section above are omitted (dedup rule).
cr.fluentbit.io/fluent/fluent-bit@sha256:14da4a52ecdbb9bd9cb7a16ff6b4c7f391a4006cb13f84b5957e4608cc613e2c
docker-registry3.mariadb.com/mariadb-operator/mariadb-operator@sha256:14eeefa4956770f973ac707b7969f2e99e0af2cf2c34ac63d4c7eb3f7c3cf3eb
docker.io/alerta/alerta-web@sha256:73bb724fcb091c4ce6f3a92aab76afcd3a2152ed96f95b629eca68351acbf3b0
docker.io/altinity/clickhouse-operator@sha256:8f71e14094c582b08712ffdf9c76f1c0750d2a049982e7e071a7a208a22c1898
docker.io/altinity/metrics-exporter@sha256:e97cfde3932d77a2ba98d4b5943f208a1445f6862708d51d533e201ab51cfb06
docker.io/bloomberg/goldpinger@sha256:3c75265e397a23c8bd3ef01eaf73c4f430ec798e1c0735698408efb47f98fedf
docker.io/chrislusf/seaweedfs@sha256:e14ad400e28c811fe8426dc08abf248ec722b9f017713290a9b84a54557f45c2
docker.io/clastix/cluster-api-control-plane-provider-kamaji@sha256:4d41af43b208fd27e1e2700d746b27a068c92ef1a814daba94a68f9347fcebc2
docker.io/clickhouse/clickhouse-keeper@sha256:681b4b8c8b3d397174dd32de156ed36e9c206700d27ce7aaed63db54471a9340
docker.io/clickhouse/clickhouse-server@sha256:e35e651ccf6e999ee78efc17d735e5a21abed31319d4f328e7eac7e98b438df4
docker.io/foundationdb/fdb-kubernetes-monitor@sha256:592a66902d957bc3c393d46b31cc54d7090723d9499e4e0cbddab169fb30fc11
docker.io/foundationdb/fdb-kubernetes-monitor@sha256:b60890af1b04a82f5c3b0d8190a9751e4ab5b63a13dbc9aad4d8eafbdf517512
docker.io/foundationdb/fdb-kubernetes-monitor@sha256:fa5672d7b3ed4b93a5cc63df33d755aeb09490b30f962b2152fed38834e941c4
docker.io/foundationdb/fdb-kubernetes-operator@sha256:880d19f6d15198c54b5b03073768d1f8231430c7bbcb4fcb7247eece8e0b7687
docker.io/library/redis@sha256:132337b9d7744ffee4fae83f51de53c3530935ad3ba528b7110f2d805f55cbf5
docker.io/oliver006/redis_exporter@sha256:89d612c22490b29a31edde7e4c1f18d13b63c36150bb9ea6d155887fab063723
docker.io/opensearchproject/opensearch-operator@sha256:ad86464ea5b1661ea25294058e78b3697286cc6b742df7a543fd96d2de0bc61a
docker.io/percona/percona-server-mongodb-operator@sha256:c055a75d8c9bc19b00a94e29282a784c665e5b589a47dde765922f0430dcefc9
docker.io/prom/alertmanager@sha256:cc54cc450174ada901b32eb2538de5fc70ee259a1ac551ed38023f2ca2ad00e3
docker.io/rabbitmqoperator/cluster-operator@sha256:d5a36971f0eac6bb65628d624502786c07f5c5fff4ff202e70b3f9d3043e05d3
docker.io/rabbitmqoperator/messaging-topology-operator@sha256:b18a081995c14b1229a40a6e1191371ea9137bea47c4afa920d7850c6f43043a
docker.io/velero/velero-plugin-for-aws@sha256:b9735c9d08c3244c462bb81263ff5f4ad4e24b96865338c14733a59e3624dfaf
docker.io/velero/velero@sha256:22d17d9a7e9cda10b1ffc63b4baebc35f805a22b203cb5ca65fffee51ddbde92
docker.io/victoriametrics/operator@sha256:a2f673d6bab3e9fe81b352c2c29a11ff1cbf284c3268757f7f198455e757e301
docker.io/victoriametrics/operator@sha256:f49a9e9da8f54dd2ef17492aaa0bce28e47ed9fcf52cde06871e837aba9838c3
docker.io/victoriametrics/victoria-logs@sha256:70cadcf591e593456decccb23250765a4a5f2cd62904e2ab181fd4db45428d5e
docker.io/victoriametrics/vmagent@sha256:30efe54696dfb352fe89a1a8b0c977cfce5507f81b85741632bd810fa3e4fe86
docker.io/victoriametrics/vmalert@sha256:e756ea8839f295b4e789a739c3ac80d70404e11b918973506a6182aacca2b11e
docker.io/victoriametrics/vminsert@sha256:38f258513073288aee4360be5a2fc692804e2c37aca4610a8644d8285c93dd71
docker.io/victoriametrics/vmselect@sha256:fce486645c398f30502aa5b3f4e5f46c81bd7444625d8722443f14fce99d47e2
docker.io/victoriametrics/vmstorage@sha256:2b27c6245cb1ceaa1878c408157bb89e193528ab2f10f161bd145fb50cd8ce02
ghcr.io/aenix-io/etcd-operator@sha256:9933e69b10c0a643773a0455d20ff18df75c5352b4c8ddc5533b2aabca6b864c
ghcr.io/cloudnative-pg/cloudnative-pg@sha256:c02f5838d249b3eee739e7f1e7b45800a91801c410767a0aa500737d9e2e3ea4
ghcr.io/cloudnative-pg/postgresql@sha256:cc78f0c280978dd93fa6f49ce6cef60015cf4b56fd0e6a47c8ca49020b875f74
ghcr.io/cloudnative-pg/postgresql@sha256:e079dae5253fa6ed26fc65fda06d515af764dbec392dd4b46b17ab11eebd8131
ghcr.io/cozystack/cozystack/altinity-clickhouse-backup@sha256:65d15779d062680ddb69210c1dfaf8920ea4be2beb069d028bcb5934870a4d72
ghcr.io/cozystack/cozystack/backup-controller@sha256:11d55b79cf136f9ec161410e2357dde7bc063246f905d5ac962ad8432af04962
ghcr.io/cozystack/cozystack/backupstrategy-controller@sha256:d965283f935e4b24b655bc76e37dcb3b731bec832bb5c2e3e407b0284c7526a3
ghcr.io/cozystack/cozystack/cilium@sha256:94dc74c9301f0da5695c80e77b77ee0486ad0086b5be60a94136a2cafd410b73
ghcr.io/cozystack/cozystack/cozy-proxy@sha256:83bd46c16f6ae85b3d9e609a4f8c1e571948d29a87ace0990fd56e1eb1fa4776
ghcr.io/cozystack/cozystack/cozystack-api@sha256:ef50b155e419cf8f0b4d57af9fa385ecbacd5c1248f13591ffcca75c2f9f2a07
ghcr.io/cozystack/cozystack/cozystack-controller@sha256:d3be63579fcabfa802a61ff2f4c2f54d5d6d52c1cbcdff52a3f14d101ca85afc
ghcr.io/cozystack/cozystack/cozystack-operator@sha256:05027a381a8a97276ec426dabb87e1b7df753d4d76925b68e2dd8819f7eb22df
ghcr.io/cozystack/cozystack/cozystack-scheduler@sha256:89c285c5c5fe3ed8d7d597acf32fc9f045394e0f8efafd1878d6080cf112f6c2
ghcr.io/cozystack/cozystack/cozystack-ui@sha256:f0329ac5689447d3aec0e4d420196f42bda466a7789312ac5ce9b11405f1948d
ghcr.io/cozystack/cozystack/flux-plunger@sha256:6a6ec938973e6583c5e1573f7d25beddc1852a6699a089116b2407e29a564a72
ghcr.io/cozystack/cozystack/flux-shard-operator@sha256:beeff843899d7f37db5bf739a20a9d7d93dd8949ef18458c0d55bf3a64fc67ba
ghcr.io/cozystack/cozystack/grafana-dashboards@sha256:f56dc47b970ebf4720c555468aabfb0f6bad4e15efa5bbd6644bf3e5ae9d843e
ghcr.io/cozystack/cozystack/grafana@sha256:086f1502edf64d2aabcda6e6505b7ee4673b0d3a14cdb7ca9e90a1d91d6e78f4
ghcr.io/cozystack/cozystack/kamaji@sha256:130d5013a9b35be0013b96efefc656210cc30c6fe92a8c39c9d2ab8d47f791e0
ghcr.io/cozystack/cozystack/keycloak-operator@sha256:27279247dfbd2d1e86fc4e827d34c891880ca65eefd75da1701bc0a1adf865a9
ghcr.io/cozystack/cozystack/kubeovn-plunger@sha256:908b5903c014f6fa4348f57b1fced929a2ba823aadfbcda7ad9b76134bcf3fce
ghcr.io/cozystack/cozystack/kubeovn-webhook@sha256:ca354b6c2ae6f648bc63798d19a1316fe37cb142246bf08ebb7ce27e6e8f21b2
ghcr.io/cozystack/cozystack/kubeovn@sha256:741299cbd0081a786a6b60c460fa3156b3a42a38141c559dd8ac031f50c5504f
ghcr.io/cozystack/cozystack/lineage-controller-webhook@sha256:5868789439d1384cf78d9fb2f20d5457060b0d5dfcc4f93f96a13ea27ed73b81
ghcr.io/cozystack/cozystack/linstor-csi@sha256:c60519d12aa8d078e4891d6e436c709ff53f2cc96457994390ca9424b6505903
ghcr.io/cozystack/cozystack/metallb-controller@sha256:b290031f40bfc072c0b329e07d7c17eca3301e4aad2e1988fc962645d92b5fc0
ghcr.io/cozystack/cozystack/metallb-speaker@sha256:3aad3ac50e8da94342332b363099c04316d8eda0dcb8cdc3d89f1bcf5dc04e7d
ghcr.io/cozystack/cozystack/multus-cni@sha256:f41d0d45bb3a654a6f024a8e416884541550f4c70481f1579647c6dd434f04d8
ghcr.io/cozystack/cozystack/objectstorage-controller@sha256:e27da94691155fc3eb14a22cf23fba78e53c4ba524ca3042709efae3753c565b
ghcr.io/cozystack/cozystack/objectstorage-sidecar@sha256:fdc09634688d5579a329b48aabf6706cc55bcd9503b0331fa47764706f0d6f62
ghcr.io/cozystack/cozystack/piraeus-server@sha256:1a00af3642c4814c3552d1964daf2831a430bc451c55e786e5eee278fa50e9e1
ghcr.io/cozystack/cozystack/redis-operator@sha256:a4012e6a1b5daaedb57cc27edfdbff52124de4164b5ec0ee53c5ce5710ef4c25
ghcr.io/cozystack/cozystack/s3manager@sha256:8b36ab67904e34b2fb843b964c20d4822f3a6673f6745afb6a834efd02e017e2
ghcr.io/cozystack/ingress-nginx-with-protobuf-exporter/controller@sha256:beba8869ee370599e1f26557a9669ebdc9481c07b34059f348eb3e17b647e7e0
ghcr.io/akuity/kargo:v1.10.8@sha256:b55c1a7ee61ba7277cf1d5c02cef0982e208c6bb1bdeaad10868ccbbde93f17a
ghcr.io/fluxcd/helm-controller@sha256:02621c382a3ce48775893e92a311d45b1c0cb03e65677515e9c4a074acf1e957
ghcr.io/fluxcd/kustomize-controller@sha256:015fe21c0a788d39fed98664c3f4f7ee6dfc113dabc99748ee9c2d8bdf65bd89
ghcr.io/fluxcd/notification-controller@sha256:f5f7e8023c01617f11e2533d3effb3c82ff73fb57d711b0e27ef9f15edca6cc3
ghcr.io/fluxcd/source-controller@sha256:c87d5a6ef18a449f2cbb7108fef0e8e9664cf405938674487e7b8aaef86b12b8
ghcr.io/fluxcd/source-watcher@sha256:7b67c651c20ec838c832b2165fa65efbc109ee7db3306441fba6e8963f6f7bc5
ghcr.io/grafana/grafana-operator@sha256:a2d35af04ec0773f62d9b75966d0a3f8b24998e126b8ad243afb0377deb8e635
ghcr.io/guardian-intelligence/company-site@sha256:700cb4674aaa4bd41fd7c927c1fa68051019fc683ce20df2a03fb856072e7b4a
ghcr.io/kvaps/ingress-nginx-with-protobuf-exporter/protobuf-exporter@sha256:6d9235a9ee6f2be1921db4687afbdcd85d145b087dd916b5a96455bdb5cff560
ghcr.io/seaweedfs/seaweedfs-cosi-driver@sha256:325341c064a07762bf3be7c62079ebd783dfd33f10fe870853243ff7a0a684f8
ghcr.io/stakater/reloader@sha256:61e2cd350a366059b19d922badfd2a1b35a3f5ee7b872c43d9853c27387637fb
oci.external-secrets.io/external-secrets/external-secrets@sha256:da1a2ea3f7e855b2fafed792740151edffd7935cfc34542ec6715da30e65ac92
quay.io/brancz/kube-rbac-proxy@sha256:2c7b120590cbe9f634f5099f2cbb91d0b668569023a81505ca124a5c437e7663
quay.io/brancz/kube-rbac-proxy@sha256:e6a323504999b2a4d2a6bf94f8580a050378eba0900fd31335cf9df5787d9a9b
quay.io/capk/capk-manager@sha256:87c2a80413a0f64f65326d379f4905d3f3f2eaf9dab8a6a67a7f7973ca85aef6
quay.io/cilium/cilium-envoy@sha256:ba0ab8adac082d50d525fd2c5ba096c8facea3a471561b7c61c7a5b9c2e0de0d
quay.io/cilium/operator-generic@sha256:205b09b0ed6accbf9fe688d312a9f0fcfc6a316fc081c23fbffb472af5dd62cd
quay.io/frrouting/frr@sha256:8745af1f9bbbc26ab11d99ccdf35e07aa3427a199749bef0cd6bb5132bb130df
quay.io/jetstack/cert-manager-cainjector@sha256:6f5a644135887b2aa7d5cc145072fa56421560e3586ff1f184358022d490f4e1
quay.io/jetstack/cert-manager-controller@sha256:fe0623d7d04a382c888f03343a3a2da716e0d96ad3d5d790c0ebcbcb2a4329a5
quay.io/jetstack/cert-manager-webhook@sha256:baf651128b9f05c426cbd5e60e2036bf382c99ca270f49d0757d6f7d2452f4e5
quay.io/keycloak/keycloak@sha256:fb31a59deb46f746f2aaa25adc5da39ceccac4fd22d36a519562b0bf02e8df20
quay.io/kubevirt/cdi-apiserver@sha256:076dd2f7f5c29fef35903b272af1ce892b01d1cc97ab1fa973fc7497bde2c7e2
quay.io/kubevirt/cdi-controller@sha256:9ef44a9364b0a434fbd9d4cd8508278f80df2c6b39e594536f238fd5a048d5dc
quay.io/kubevirt/cdi-operator@sha256:3a119a73bc1c9313a71289ff990eb87408cdd8a436925ef4656ecb5574127169
quay.io/kubevirt/cdi-uploadproxy@sha256:dea42c721f1a79ea1e0aef0450595723e7c3bbe61067cbfb0963bc4f45e16172
quay.io/kubevirt/kubevirt-velero-plugin@sha256:9169abc2e70ec53f5762ad8df27a1a8c4adedf8be45808e4d126c8d496f2046f
quay.io/kubevirt/virt-api@sha256:3f5ed85fc6563a5a2d27dcf282bcceec6ff00a38f43b572a1f33f5d819c713b4
quay.io/kubevirt/virt-controller@sha256:76669dbe9f1c4a7635406050738480770fe0e50eca8a532692c48f40ee087b68
quay.io/kubevirt/virt-exportproxy@sha256:f0c5ba25c2656ba90194b5a6dc4a9617b7a3782f4f30d92f9dfffa1b59160930
quay.io/kubevirt/virt-handler@sha256:1a9b89a11bc90d536ec78c8462cf83592ce1429a7acd1d31af5359fa094303f6
quay.io/kubevirt/virt-launcher@sha256:574fabe0ff9719fa1e3800dcca8530fa4e02fd71ef74109508e59800e13e8b5d
quay.io/kubevirt/virt-operator@sha256:3596b23097e0e2709d7ea744d018a9b40990735fab04aa5a415bca034b22f68a
quay.io/metallb/frr-k8s@sha256:1cb06fb2d5538c9f9b20d3adf00da8d1e6cb0166bc15df8add0d9efe578641a4
quay.io/oauth2-proxy/oauth2-proxy@sha256:786bed0f000c0f8a7b31619244ebab02406a8856a4faf3f5fb1df61fbd6c30ed
quay.io/openbao/openbao@sha256:436eaf9778cad75507ff70ea26ace30dcbe15606e619ac3823495663d7f7c115
quay.io/piraeusdatastore/drbd-reactor@sha256:78ee7fd279192e468eefdf7d4245adc8f7fb26eaf566c019297c6622e1346243
quay.io/piraeusdatastore/linstor-affinity-controller@sha256:7825701da727b8419ad03df61cfeb0c4601fb8be2950f115893faa898773b9d7
quay.io/piraeusdatastore/linstor-scheduler-extender@sha256:7394517a254ae214ce548d3839f1bf1eaad32fe6e4c1e2514fcf2a808572d1d4
quay.io/piraeusdatastore/piraeus-csi-nfs-server@sha256:3447681801c32ec4c2ad4ede482829b05c5bf6607a2785cf25be8431531d3b0a
quay.io/piraeusdatastore/piraeus-csi@sha256:6027ab567f712126c14f21c6e2efe488f368efdc3b00468c6b422967b625d573
quay.io/piraeusdatastore/piraeus-ha-controller@sha256:5ef91e457a54268a635456f76096df8b47f81e0334abdd59ddfbff7eaed38f26
quay.io/piraeusdatastore/piraeus-operator@sha256:ca62ba7fb4e1841659139ac1d48cd6c54a1b6c6fac39b38c849eea2a01c36de6
quay.io/piraeusdatastore/piraeus-server@sha256:85d0e6d6d565cc36eba2e6cd53a73df252aff2d392e94254ee1d1fa8fb779718
quay.io/prometheus/node-exporter@sha256:c99d7ee4d12a38661788f60d9eca493f08584e2e544bbd3b3fca64749f86b848
quay.io/strimzi/operator@sha256:58e8722216b0b0e8b1dd79109725238fa4016a16cc6a9fca0e327bccb1506810
registry.k8s.io/autoscaling/vpa-admission-controller@sha256:dbbe69663eeff980412464a532c30194868566f825de75b04f5691a61713b8ad
registry.k8s.io/autoscaling/vpa-recommender@sha256:9e612654ad19c8ec8ee8bcc5b3cb54f18be09630872296214fc9bcd744002d94
registry.k8s.io/autoscaling/vpa-updater@sha256:b5ed7f948d14e520b8db44e3905096f9f52d4b1c4073925f1e358f8aa788b7c5
registry.k8s.io/capi-operator/cluster-api-operator@sha256:632138b5ae37f4453319965715e2e9deaebc3d25b7a2f33227ecc87d1587dd15
registry.k8s.io/cluster-api/cluster-api-controller@sha256:a36a3047d23766f261153e0d73537f2866456284d382c0774dd05aa7f4310b75
registry.k8s.io/cluster-api/kubeadm-bootstrap-controller@sha256:f7c3bd449c3b902ec127483f66e4d51e9389a5686d397cfa9199dd227e5e54a1
registry.k8s.io/defaultbackend-amd64@sha256:4dc5e07c8ca4e23bddb3153737d7b8c556e5fb2f29c4558b7cd6e6df99c512c7
registry.k8s.io/external-dns/external-dns@sha256:f53faaf71cb270d1ca9dce6ea0c94bfebf1a18696263487f0fbc74b9bf2bd7ff
registry.k8s.io/kube-state-metrics/kube-state-metrics@sha256:db384bf43222b066c378e77027a675d4cd9911107adba46c2922b3a55e10d6fb
registry.k8s.io/metrics-server/metrics-server@sha256:ffcb2bf004d6aa0a17d90e0247cf94f2865c8901dcab4427034c341951c239f9
registry.k8s.io/sig-storage/csi-attacher@sha256:be59d0556508d3dd419cc34c53062f170a28902ef36e832b947c7796458a083d
registry.k8s.io/sig-storage/csi-external-health-monitor-controller@sha256:ac3963bfd4246da386b82d810a348e9d42a9e4b746acaf4dbcbe0766643cc2fa
registry.k8s.io/sig-storage/csi-node-driver-registrar@sha256:11f199f6bec47403b03cb49c79a41f445884b213b382582a60710b8c6fdc316a
registry.k8s.io/sig-storage/csi-provisioner@sha256:e5900dc98b0d02f317ea9572f3824983c47a2fb5d5fe2b160aedf1b99c14c9e4
registry.k8s.io/sig-storage/csi-resizer@sha256:4a95d94e57ad82f6977cd8d4fdcfcfc0b83f02d990e4e7715b688c20970a906d
registry.k8s.io/sig-storage/csi-snapshotter@sha256:c7e0a3718832b6197ce8b29fefb3fed3d84f4fbcdf08f4606140dbec2566501d
registry.k8s.io/sig-storage/livenessprobe@sha256:9b75b9ade162136291d5e8f13a1dfc3dec71ee61419b1bfc112e0796ff8a6aa9
registry.k8s.io/sig-storage/snapshot-controller@sha256:32b8e4254751c9935c796e6e5c07fe804250bd5032ab78f7133a00f75d504596
registry.k8s.io/sig-storage/snapshot-validation-webhook@sha256:7f058f8b3faac68d93c0abf2b97532820ec8ffff944f5919ce7039506ca24cbd
